
Microsoft Visual Studio Solution File, Format Version 12.00
# Visual Studio Version 17
VisualStudioVersion = 17.3.32922.545
MinimumVisualStudioVersion = 10.0.40219.1
Project("{9A19103F-16F7-4668-BE54-9A1E7A4F7556}") = "GymFitnessClassWebService", "GymFitnessClassWebService\GymFitnessClassWebService.csproj", "{DB82D51C-07EC-4AB7-9A2A-94B1EB9FCE04}"
	ProjectSection(ProjectDependencies) = postProject
		{AAD9D955-DE83-4ED2-BDAF-5281F8C62996} = {AAD9D955-DE83-4ED2-BDAF-5281F8C62996}
		{CB5E73F2-A0BD-4D09-8EDD-F756487E5744} = {CB5E73F2-A0BD-4D09-8EDD-F756487E5744}
	EndProjectSection
EndProject
Project("{9A19103F-16F7-4668-BE54-9A1E7A4F7556}") = "GymRepository", "GymRepository\GymRepository.csproj", "{AAD9D955-DE83-4ED2-BDAF-5281F8C62996}"
EndProject
Project("{9A19103F-16F7-4668-BE54-9A1E7A4F7556}") = "GymModels", "GymModels\GymModels.csproj", "{CB5E73F2-A0BD-4D09-8EDD-F756487E5744}"
EndProject
Project("{FAE04EC0-301F-11D3-BF4B-00C04F79EFBC}") = "GymFitnessClassWebApp", "GymFitnessClassWebApp\GymFitnessClassWebApp.csproj", "{E3DF211F-3D8D-4F75-A543-C0A677ED616B}"
EndProject
Global
	GlobalSection(SolutionConfigurationPlatforms) = preSolution
		Debug|Any CPU = Debug|Any CPU
		Release|Any CPU = Release|Any CPU
	EndGlobalSection
	GlobalSection(ProjectConfigurationPlatforms) = postSolution
		{DB82D51C-07EC-4AB7-9A2A-94B1EB9FCE04}.Debug|Any CPU.ActiveCfg = Debug|Any CPU
		{DB82D51C-07EC-4AB7-9A2A-94B1EB9FCE04}.Debug|Any CPU.Build.0 = Debug|Any CPU
		{DB82D51C-07EC-4AB7-9A2A-94B1EB9FCE04}.Release|Any CPU.ActiveCfg = Release|Any CPU
		{DB82D51C-07EC-4AB7-9A2A-94B1EB9FCE04}.Release|Any CPU.Build.0 = Release|Any CPU
		{AAD9D955-DE83-4ED2-BDAF-5281F8C62996}.Debug|Any CPU.ActiveCfg = Debug|Any CPU
		{AAD9D955-DE83-4ED2-BDAF-5281F8C62996}.Debug|Any CPU.Build.0 = Debug|Any CPU
		{AAD9D955-DE83-4ED2-BDAF-5281F8C62996}.Release|Any CPU.ActiveCfg = Release|Any CPU
		{AAD9D955-DE83-4ED2-BDAF-5281F8C62996}.Release|Any CPU.Build.0 = Release|Any CPU
		{CB5E73F2-A0BD-4D09-8EDD-F756487E5744}.Debug|Any CPU.ActiveCfg = Debug|Any CPU
		{CB5E73F2-A0BD-4D09-8EDD-F756487E5744}.Debug|Any CPU.Build.0 = Debug|Any CPU
		{CB5E73F2-A0BD-4D09-8EDD-F756487E5744}.Release|Any CPU.ActiveCfg = Release|Any CPU
		{CB5E73F2-A0BD-4D09-8EDD-F756487E5744}.Release|Any CPU.Build.0 = Release|Any CPU
		{E3DF211F-3D8D-4F75-A543-C0A677ED616B}.Debug|Any CPU.ActiveCfg = Debug|Any CPU
		{E3DF211F-3D8D-4F75-A543-C0A677ED616B}.Debug|Any CPU.Build.0 = Debug|Any CPU
		{E3DF211F-3D8D-4F75-A543-C0A677ED616B}.Release|Any CPU.ActiveCfg = Release|Any CPU
		{E3DF211F-3D8D-4F75-A543-C0A677ED616B}.Release|Any CPU.Build.0 = Release|Any CPU
	EndGlobalSection
	GlobalSection(SolutionProperties) = preSolution
		HideSolutionNode = FALSE
	EndGlobalSection
	GlobalSection(ExtensibilityGlobals) = postSolution
		SolutionGuid = {78563205-938F-4617-8EF2-C32C1120F155}
	EndGlobalSection
EndGlobal
